
Microsoft Visual Studio Solution File, Format Version 12.00
# Visual Studio Version 17
VisualStudioVersion = 17.5.002.0
MinimumVisualStudioVersion = 10.0.40219.1
Project("{9A19103F-16F7-4668-BE54-9A1E7A4F7556}") = "DesafioPOO", "DesafioPOO.csproj", "{D380C0D6-7536-41E8-87BA-D2B2313E3646}"
EndProject
Global
	GlobalSection(SolutionConfigurationPlatforms) = preSolution
		Debug|Any CPU = Debug|Any CPU
		Release|Any CPU = Release|Any CPU
	EndGlobalSection
	GlobalSection(ProjectConfigurationPlatforms) = postSolution
		{D380C0D6-7536-41E8-87BA-D2B2313E3646}.Debug|Any CPU.ActiveCfg = Debug|Any CPU
		{D380C0D6-7536-41E8-87BA-D2B2313E3646}.Debug|Any CPU.Build.0 = Debug|Any CPU
		{D380C0D6-7536-41E8-87BA-D2B2313E3646}.Release|Any CPU.ActiveCfg = Release|Any CPU
		{D380C0D6-7536-41E8-87BA-D2B2313E3646}.Release|Any CPU.Build.0 = Release|Any CPU
	EndGlobalSection
	GlobalSection(SolutionProperties) = preSolution
		HideSolutionNode = FALSE
	EndGlobalSection
	GlobalSection(ExtensibilityGlobals) = postSolution
		SolutionGuid = {AD96B123-AC5B-410C-9F39-59416CC91E8C}
	EndGlobalSection
EndGlobal
